
Microsoft Visual Studio Solution File, Format Version 12.00
# Visual Studio 15
VisualStudioVersion = 15.0.28307.572
MinimumVisualStudioVersion = 10.0.40219.1
Project("{9092AA53-FB77-4645-B42D-1CCCA6BD08BD}") = "COMP2068_FinalProject", "COMP2068_FinalProject\COMP2068_FinalProject.njsproj", "{76CA443A-CC28-48DD-A8FD-8DBF489BB0A6}"
EndProject
Global
	GlobalSection(SolutionConfigurationPlatforms) = preSolution
		Debug|Any CPU = Debug|Any CPU
		Release|Any CPU = Release|Any CPU
	EndGlobalSection
	GlobalSection(ProjectConfigurationPlatforms) = postSolution
		{76CA443A-CC28-48DD-A8FD-8DBF489BB0A6}.Debug|Any CPU.ActiveCfg = Debug|Any CPU
		{76CA443A-CC28-48DD-A8FD-8DBF489BB0A6}.Debug|Any CPU.Build.0 = Debug|Any CPU
		{76CA443A-CC28-48DD-A8FD-8DBF489BB0A6}.Release|Any CPU.ActiveCfg = Release|Any CPU
		{76CA443A-CC28-48DD-A8FD-8DBF489BB0A6}.Release|Any CPU.Build.0 = Release|Any CPU
	EndGlobalSection
	GlobalSection(SolutionProperties) = preSolution
		HideSolutionNode = FALSE
	EndGlobalSection
	GlobalSection(ExtensibilityGlobals) = postSolution
		SolutionGuid = {04B34AAB-1B5C-45EC-8852-4AA1D21D2885}
	EndGlobalSection
EndGlobal
